
Microsoft Visual Studio Solution File, Format Version 12.00
# Visual Studio 15
Project("{2150E333-8FDC-42A3-9474-1A3956D46DE8}") = "CMakePredefinedTargets", "CMakePredefinedTargets", "{AA1BECC2-C0A3-3A54-84EC-B25405392099}"
EndProject
Project("{2150E333-8FDC-42A3-9474-1A3956D46DE8}") = "app", "app", "{88D61977-15C1-3D70-89CA-3A11D59D18F0}"
EndProject
Project("{2150E333-8FDC-42A3-9474-1A3956D46DE8}") = "lib", "lib", "{8E2410CD-327C-3D16-B85B-3210218F13AF}"
EndProject
Project("{8BC9CEB8-8B4A-11D0-8D11-00A0C91BC942}") = "ALL_BUILD", "ALL_BUILD.vcxproj", "{FC722374-FB65-397F-A3BB-155F6E2AD83B}"
	ProjectSection(ProjectDependencies) = postProject
		{1D9468CD-8ED5-318A-88F1-0940291FE439} = {1D9468CD-8ED5-318A-88F1-0940291FE439}
		{5313E184-7E52-3F8F-87C6-3061371C9B55} = {5313E184-7E52-3F8F-87C6-3061371C9B55}
		{D5BE9B28-D200-346B-83B8-8A32D85BF382} = {D5BE9B28-D200-346B-83B8-8A32D85BF382}
		{976BF786-C881-3D7D-B0F7-11192138050D} = {976BF786-C881-3D7D-B0F7-11192138050D}
		{234FF690-7ABC-3CA2-8946-4A00305F4DF9} = {234FF690-7ABC-3CA2-8946-4A00305F4DF9}
		{65281CCC-FC78-33C9-8849-8AEC73F365EF} = {65281CCC-FC78-33C9-8849-8AEC73F365EF}
		{E49B9889-4DD8-3037-9EC2-2EF1F437C817} = {E49B9889-4DD8-3037-9EC2-2EF1F437C817}
		{D364BF81-D8C0-3F52-946A-F363CB2C53E9} = {D364BF81-D8C0-3F52-946A-F363CB2C53E9}
		{2B08AE09-EB8E-3485-B291-F3FE7243FF03} = {2B08AE09-EB8E-3485-B291-F3FE7243FF03}
		{FF57FB1E-D335-32AF-B6A6-799E9143BFB8} = {FF57FB1E-D335-32AF-B6A6-799E9143BFB8}
		{DDCFC78D-0FD4-3B3D-9776-D3F4038B0C9B} = {DDCFC78D-0FD4-3B3D-9776-D3F4038B0C9B}
		{D7CF50A7-CF2E-3F8C-87E0-CCBC1546A6C4} = {D7CF50A7-CF2E-3F8C-87E0-CCBC1546A6C4}
	EndProjectSection
EndProject
Project("{8BC9CEB8-8B4A-11D0-8D11-00A0C91BC942}") = "MCTSExtractor", "source\App\TAppMCTSExtractor\MCTSExtractor.vcxproj", "{1D9468CD-8ED5-318A-88F1-0940291FE439}"
	ProjectSection(ProjectDependencies) = postProject
		{234FF690-7ABC-3CA2-8946-4A00305F4DF9} = {234FF690-7ABC-3CA2-8946-4A00305F4DF9}
		{E49B9889-4DD8-3037-9EC2-2EF1F437C817} = {E49B9889-4DD8-3037-9EC2-2EF1F437C817}
		{2B08AE09-EB8E-3485-B291-F3FE7243FF03} = {2B08AE09-EB8E-3485-B291-F3FE7243FF03}
		{FF57FB1E-D335-32AF-B6A6-799E9143BFB8} = {FF57FB1E-D335-32AF-B6A6-799E9143BFB8}
		{DDCFC78D-0FD4-3B3D-9776-D3F4038B0C9B} = {DDCFC78D-0FD4-3B3D-9776-D3F4038B0C9B}
	EndProjectSection
EndProject
Project("{8BC9CEB8-8B4A-11D0-8D11-00A0C91BC942}") = "TAppDecoder", "source\App\TAppDecoder\TAppDecoder.vcxproj", "{5313E184-7E52-3F8F-87C6-3061371C9B55}"
	ProjectSection(ProjectDependencies) = postProject
		{234FF690-7ABC-3CA2-8946-4A00305F4DF9} = {234FF690-7ABC-3CA2-8946-4A00305F4DF9}
		{E49B9889-4DD8-3037-9EC2-2EF1F437C817} = {E49B9889-4DD8-3037-9EC2-2EF1F437C817}
		{FF57FB1E-D335-32AF-B6A6-799E9143BFB8} = {FF57FB1E-D335-32AF-B6A6-799E9143BFB8}
		{DDCFC78D-0FD4-3B3D-9776-D3F4038B0C9B} = {DDCFC78D-0FD4-3B3D-9776-D3F4038B0C9B}
	EndProjectSection
EndProject
Project("{8BC9CEB8-8B4A-11D0-8D11-00A0C91BC942}") = "TAppDecoderAnalyser", "source\App\TAppDecoderAnalyser\TAppDecoderAnalyser.vcxproj", "{D5BE9B28-D200-346B-83B8-8A32D85BF382}"
	ProjectSection(ProjectDependencies) = postProject
		{65281CCC-FC78-33C9-8849-8AEC73F365EF} = {65281CCC-FC78-33C9-8849-8AEC73F365EF}
		{D364BF81-D8C0-3F52-946A-F363CB2C53E9} = {D364BF81-D8C0-3F52-946A-F363CB2C53E9}
		{FF57FB1E-D335-32AF-B6A6-799E9143BFB8} = {FF57FB1E-D335-32AF-B6A6-799E9143BFB8}
		{DDCFC78D-0FD4-3B3D-9776-D3F4038B0C9B} = {DDCFC78D-0FD4-3B3D-9776-D3F4038B0C9B}
	EndProjectSection
EndProject
Project("{8BC9CEB8-8B4A-11D0-8D11-00A0C91BC942}") = "TAppEncoder", "source\App\TAppEncoder\TAppEncoder.vcxproj", "{976BF786-C881-3D7D-B0F7-11192138050D}"
	ProjectSection(ProjectDependencies) = postProject
		{234FF690-7ABC-3CA2-8946-4A00305F4DF9} = {234FF690-7ABC-3CA2-8946-4A00305F4DF9}
		{E49B9889-4DD8-3037-9EC2-2EF1F437C817} = {E49B9889-4DD8-3037-9EC2-2EF1F437C817}
		{2B08AE09-EB8E-3485-B291-F3FE7243FF03} = {2B08AE09-EB8E-3485-B291-F3FE7243FF03}
		{FF57FB1E-D335-32AF-B6A6-799E9143BFB8} = {FF57FB1E-D335-32AF-B6A6-799E9143BFB8}
		{DDCFC78D-0FD4-3B3D-9776-D3F4038B0C9B} = {DDCFC78D-0FD4-3B3D-9776-D3F4038B0C9B}
	EndProjectSection
EndProject
Project("{8BC9CEB8-8B4A-11D0-8D11-00A0C91BC942}") = "TLibCommon", "source\Lib\TLibCommon\TLibCommon.vcxproj", "{234FF690-7ABC-3CA2-8946-4A00305F4DF9}"
	ProjectSection(ProjectDependencies) = postProject
		{DDCFC78D-0FD4-3B3D-9776-D3F4038B0C9B} = {DDCFC78D-0FD4-3B3D-9776-D3F4038B0C9B}
	EndProjectSection
EndProject
Project("{8BC9CEB8-8B4A-11D0-8D11-00A0C91BC942}") = "TLibCommonAnalyser", "source\Lib\TLibCommonAnalyser\TLibCommonAnalyser.vcxproj", "{65281CCC-FC78-33C9-8849-8AEC73F365EF}"
	ProjectSection(ProjectDependencies) = postProject
		{DDCFC78D-0FD4-3B3D-9776-D3F4038B0C9B} = {DDCFC78D-0FD4-3B3D-9776-D3F4038B0C9B}
	EndProjectSection
EndProject
Project("{8BC9CEB8-8B4A-11D0-8D11-00A0C91BC942}") = "TLibDecoder", "source\Lib\TLibDecoder\TLibDecoder.vcxproj", "{E49B9889-4DD8-3037-9EC2-2EF1F437C817}"
	ProjectSection(ProjectDependencies) = postProject
		{234FF690-7ABC-3CA2-8946-4A00305F4DF9} = {234FF690-7ABC-3CA2-8946-4A00305F4DF9}
		{DDCFC78D-0FD4-3B3D-9776-D3F4038B0C9B} = {DDCFC78D-0FD4-3B3D-9776-D3F4038B0C9B}
	EndProjectSection
EndProject
Project("{8BC9CEB8-8B4A-11D0-8D11-00A0C91BC942}") = "TLibDecoderAnalyser", "source\Lib\TLibDecoderAnalyser\TLibDecoderAnalyser.vcxproj", "{D364BF81-D8C0-3F52-946A-F363CB2C53E9}"
	ProjectSection(ProjectDependencies) = postProject
		{65281CCC-FC78-33C9-8849-8AEC73F365EF} = {65281CCC-FC78-33C9-8849-8AEC73F365EF}
		{DDCFC78D-0FD4-3B3D-9776-D3F4038B0C9B} = {DDCFC78D-0FD4-3B3D-9776-D3F4038B0C9B}
	EndProjectSection
EndProject
Project("{8BC9CEB8-8B4A-11D0-8D11-00A0C91BC942}") = "TLibEncoder", "source\Lib\TLibEncoder\TLibEncoder.vcxproj", "{2B08AE09-EB8E-3485-B291-F3FE7243FF03}"
	ProjectSection(ProjectDependencies) = postProject
		{234FF690-7ABC-3CA2-8946-4A00305F4DF9} = {234FF690-7ABC-3CA2-8946-4A00305F4DF9}
		{DDCFC78D-0FD4-3B3D-9776-D3F4038B0C9B} = {DDCFC78D-0FD4-3B3D-9776-D3F4038B0C9B}
	EndProjectSection
EndProject
Project("{8BC9CEB8-8B4A-11D0-8D11-00A0C91BC942}") = "Utilities", "source\Lib\Utilities\Utilities.vcxproj", "{FF57FB1E-D335-32AF-B6A6-799E9143BFB8}"
	ProjectSection(ProjectDependencies) = postProject
		{DDCFC78D-0FD4-3B3D-9776-D3F4038B0C9B} = {DDCFC78D-0FD4-3B3D-9776-D3F4038B0C9B}
	EndProjectSection
EndProject
Project("{8BC9CEB8-8B4A-11D0-8D11-00A0C91BC942}") = "ZERO_CHECK", "ZERO_CHECK.vcxproj", "{DDCFC78D-0FD4-3B3D-9776-D3F4038B0C9B}"
	ProjectSection(ProjectDependencies) = postProject
	EndProjectSection
EndProject
Project("{8BC9CEB8-8B4A-11D0-8D11-00A0C91BC942}") = "parcat", "source\App\Parcat\parcat.vcxproj", "{D7CF50A7-CF2E-3F8C-87E0-CCBC1546A6C4}"
	ProjectSection(ProjectDependencies) = postProject
		{DDCFC78D-0FD4-3B3D-9776-D3F4038B0C9B} = {DDCFC78D-0FD4-3B3D-9776-D3F4038B0C9B}
	EndProjectSection
EndProject
Global
	GlobalSection(SolutionConfigurationPlatforms) = preSolution
		Debug|x64 = Debug|x64
		Release|x64 = Release|x64
		MinSizeRel|x64 = MinSizeRel|x64
		RelWithDebInfo|x64 = RelWithDebInfo|x64
	EndGlobalSection
	GlobalSection(ProjectConfigurationPlatforms) = postSolution
		{FC722374-FB65-397F-A3BB-155F6E2AD83B}.Debug|x64.ActiveCfg = Debug|x64
		{FC722374-FB65-397F-A3BB-155F6E2AD83B}.Release|x64.ActiveCfg = Release|x64
		{FC722374-FB65-397F-A3BB-155F6E2AD83B}.MinSizeRel|x64.ActiveCfg = MinSizeRel|x64
		{FC722374-FB65-397F-A3BB-155F6E2AD83B}.RelWithDebInfo|x64.ActiveCfg = RelWithDebInfo|x64
		{1D9468CD-8ED5-318A-88F1-0940291FE439}.Debug|x64.ActiveCfg = Debug|x64
		{1D9468CD-8ED5-318A-88F1-0940291FE439}.Debug|x64.Build.0 = Debug|x64
		{1D9468CD-8ED5-318A-88F1-0940291FE439}.Release|x64.ActiveCfg = Release|x64
		{1D9468CD-8ED5-318A-88F1-0940291FE439}.Release|x64.Build.0 = Release|x64
		{1D9468CD-8ED5-318A-88F1-0940291FE439}.MinSizeRel|x64.ActiveCfg = MinSizeRel|x64
		{1D9468CD-8ED5-318A-88F1-0940291FE439}.MinSizeRel|x64.Build.0 = MinSizeRel|x64
		{1D9468CD-8ED5-318A-88F1-0940291FE439}.RelWithDebInfo|x64.ActiveCfg = RelWithDebInfo|x64
		{1D9468CD-8ED5-318A-88F1-0940291FE439}.RelWithDebInfo|x64.Build.0 = RelWithDebInfo|x64
		{5313E184-7E52-3F8F-87C6-3061371C9B55}.Debug|x64.ActiveCfg = Debug|x64
		{5313E184-7E52-3F8F-87C6-3061371C9B55}.Debug|x64.Build.0 = Debug|x64
		{5313E184-7E52-3F8F-87C6-3061371C9B55}.Release|x64.ActiveCfg = Release|x64
		{5313E184-7E52-3F8F-87C6-3061371C9B55}.Release|x64.Build.0 = Release|x64
		{5313E184-7E52-3F8F-87C6-3061371C9B55}.MinSizeRel|x64.ActiveCfg = MinSizeRel|x64
		{5313E184-7E52-3F8F-87C6-3061371C9B55}.MinSizeRel|x64.Build.0 = MinSizeRel|x64
		{5313E184-7E52-3F8F-87C6-3061371C9B55}.RelWithDebInfo|x64.ActiveCfg = RelWithDebInfo|x64
		{5313E184-7E52-3F8F-87C6-3061371C9B55}.RelWithDebInfo|x64.Build.0 = RelWithDebInfo|x64
		{D5BE9B28-D200-346B-83B8-8A32D85BF382}.Debug|x64.ActiveCfg = Debug|x64
		{D5BE9B28-D200-346B-83B8-8A32D85BF382}.Debug|x64.Build.0 = Debug|x64
		{D5BE9B28-D200-346B-83B8-8A32D85BF382}.Release|x64.ActiveCfg = Release|x64
		{D5BE9B28-D200-346B-83B8-8A32D85BF382}.Release|x64.Build.0 = Release|x64
		{D5BE9B28-D200-346B-83B8-8A32D85BF382}.MinSizeRel|x64.ActiveCfg = MinSizeRel|x64
		{D5BE9B28-D200-346B-83B8-8A32D85BF382}.MinSizeRel|x64.Build.0 = MinSizeRel|x64
		{D5BE9B28-D200-346B-83B8-8A32D85BF382}.RelWithDebInfo|x64.ActiveCfg = RelWithDebInfo|x64
		{D5BE9B28-D200-346B-83B8-8A32D85BF382}.RelWithDebInfo|x64.Build.0 = RelWithDebInfo|x64
		{976BF786-C881-3D7D-B0F7-11192138050D}.Debug|x64.ActiveCfg = Debug|x64
		{976BF786-C881-3D7D-B0F7-11192138050D}.Debug|x64.Build.0 = Debug|x64
		{976BF786-C881-3D7D-B0F7-11192138050D}.Release|x64.ActiveCfg = Release|x64
		{976BF786-C881-3D7D-B0F7-11192138050D}.Release|x64.Build.0 = Release|x64
		{976BF786-C881-3D7D-B0F7-11192138050D}.MinSizeRel|x64.ActiveCfg = MinSizeRel|x64
		{976BF786-C881-3D7D-B0F7-11192138050D}.MinSizeRel|x64.Build.0 = MinSizeRel|x64
		{976BF786-C881-3D7D-B0F7-11192138050D}.RelWithDebInfo|x64.ActiveCfg = RelWithDebInfo|x64
		{976BF786-C881-3D7D-B0F7-11192138050D}.RelWithDebInfo|x64.Build.0 = RelWithDebInfo|x64
		{234FF690-7ABC-3CA2-8946-4A00305F4DF9}.Debug|x64.ActiveCfg = Debug|x64
		{234FF690-7ABC-3CA2-8946-4A00305F4DF9}.Debug|x64.Build.0 = Debug|x64
		{234FF690-7ABC-3CA2-8946-4A00305F4DF9}.Release|x64.ActiveCfg = Release|x64
		{234FF690-7ABC-3CA2-8946-4A00305F4DF9}.Release|x64.Build.0 = Release|x64
		{234FF690-7ABC-3CA2-8946-4A00305F4DF9}.MinSizeRel|x64.ActiveCfg = MinSizeRel|x64
		{234FF690-7ABC-3CA2-8946-4A00305F4DF9}.MinSizeRel|x64.Build.0 = MinSizeRel|x64
		{234FF690-7ABC-3CA2-8946-4A00305F4DF9}.RelWithDebInfo|x64.ActiveCfg = RelWithDebInfo|x64
		{234FF690-7ABC-3CA2-8946-4A00305F4DF9}.RelWithDebInfo|x64.Build.0 = RelWithDebInfo|x64
		{65281CCC-FC78-33C9-8849-8AEC73F365EF}.Debug|x64.ActiveCfg = Debug|x64
		{65281CCC-FC78-33C9-8849-8AEC73F365EF}.Debug|x64.Build.0 = Debug|x64
		{65281CCC-FC78-33C9-8849-8AEC73F365EF}.Release|x64.ActiveCfg = Release|x64
		{65281CCC-FC78-33C9-8849-8AEC73F365EF}.Release|x64.Build.0 = Release|x64
		{65281CCC-FC78-33C9-8849-8AEC73F365EF}.MinSizeRel|x64.ActiveCfg = MinSizeRel|x64
		{65281CCC-FC78-33C9-8849-8AEC73F365EF}.MinSizeRel|x64.Build.0 = MinSizeRel|x64
		{65281CCC-FC78-33C9-8849-8AEC73F365EF}.RelWithDebInfo|x64.ActiveCfg = RelWithDebInfo|x64
		{65281CCC-FC78-33C9-8849-8AEC73F365EF}.RelWithDebInfo|x64.Build.0 = RelWithDebInfo|x64
		{E49B9889-4DD8-3037-9EC2-2EF1F437C817}.Debug|x64.ActiveCfg = Debug|x64
		{E49B9889-4DD8-3037-9EC2-2EF1F437C817}.Debug|x64.Build.0 = Debug|x64
		{E49B9889-4DD8-3037-9EC2-2EF1F437C817}.Release|x64.ActiveCfg = Release|x64
		{E49B9889-4DD8-3037-9EC2-2EF1F437C817}.Release|x64.Build.0 = Release|x64
		{E49B9889-4DD8-3037-9EC2-2EF1F437C817}.MinSizeRel|x64.ActiveCfg = MinSizeRel|x64
		{E49B9889-4DD8-3037-9EC2-2EF1F437C817}.MinSizeRel|x64.Build.0 = MinSizeRel|x64
		{E49B9889-4DD8-3037-9EC2-2EF1F437C817}.RelWithDebInfo|x64.ActiveCfg = RelWithDebInfo|x64
		{E49B9889-4DD8-3037-9EC2-2EF1F437C817}.RelWithDebInfo|x64.Build.0 = RelWithDebInfo|x64
		{D364BF81-D8C0-3F52-946A-F363CB2C53E9}.Debug|x64.ActiveCfg = Debug|x64
		{D364BF81-D8C0-3F52-946A-F363CB2C53E9}.Debug|x64.Build.0 = Debug|x64
		{D364BF81-D8C0-3F52-946A-F363CB2C53E9}.Release|x64.ActiveCfg = Release|x64
		{D364BF81-D8C0-3F52-946A-F363CB2C53E9}.Release|x64.Build.0 = Release|x64
		{D364BF81-D8C0-3F52-946A-F363CB2C53E9}.MinSizeRel|x64.ActiveCfg = MinSizeRel|x64
		{D364BF81-D8C0-3F52-946A-F363CB2C53E9}.MinSizeRel|x64.Build.0 = MinSizeRel|x64
		{D364BF81-D8C0-3F52-946A-F363CB2C53E9}.RelWithDebInfo|x64.ActiveCfg = RelWithDebInfo|x64
		{D364BF81-D8C0-3F52-946A-F363CB2C53E9}.RelWithDebInfo|x64.Build.0 = RelWithDebInfo|x64
		{2B08AE09-EB8E-3485-B291-F3FE7243FF03}.Debug|x64.ActiveCfg = Debug|x64
		{2B08AE09-EB8E-3485-B291-F3FE7243FF03}.Debug|x64.Build.0 = Debug|x64
		{2B08AE09-EB8E-3485-B291-F3FE7243FF03}.Release|x64.ActiveCfg = Release|x64
		{2B08AE09-EB8E-3485-B291-F3FE7243FF03}.Release|x64.Build.0 = Release|x64
		{2B08AE09-EB8E-3485-B291-F3FE7243FF03}.MinSizeRel|x64.ActiveCfg = MinSizeRel|x64
		{2B08AE09-EB8E-3485-B291-F3FE7243FF03}.MinSizeRel|x64.Build.0 = MinSizeRel|x64
		{2B08AE09-EB8E-3485-B291-F3FE7243FF03}.RelWithDebInfo|x64.ActiveCfg = RelWithDebInfo|x64
		{2B08AE09-EB8E-3485-B291-F3FE7243FF03}.RelWithDebInfo|x64.Build.0 = RelWithDebInfo|x64
		{FF57FB1E-D335-32AF-B6A6-799E9143BFB8}.Debug|x64.ActiveCfg = Debug|x64
		{FF57FB1E-D335-32AF-B6A6-799E9143BFB8}.Debug|x64.Build.0 = Debug|x64
		{FF57FB1E-D335-32AF-B6A6-799E9143BFB8}.Release|x64.ActiveCfg = Release|x64
		{FF57FB1E-D335-32AF-B6A6-799E9143BFB8}.Release|x64.Build.0 = Release|x64
		{FF57FB1E-D335-32AF-B6A6-799E9143BFB8}.MinSizeRel|x64.ActiveCfg = MinSizeRel|x64
		{FF57FB1E-D335-32AF-B6A6-799E9143BFB8}.MinSizeRel|x64.Build.0 = MinSizeRel|x64
		{FF57FB1E-D335-32AF-B6A6-799E9143BFB8}.RelWithDebInfo|x64.ActiveCfg = RelWithDebInfo|x64
		{FF57FB1E-D335-32AF-B6A6-799E9143BFB8}.RelWithDebInfo|x64.Build.0 = RelWithDebInfo|x64
		{DDCFC78D-0FD4-3B3D-9776-D3F4038B0C9B}.Debug|x64.ActiveCfg = Debug|x64
		{DDCFC78D-0FD4-3B3D-9776-D3F4038B0C9B}.Debug|x64.Build.0 = Debug|x64
		{DDCFC78D-0FD4-3B3D-9776-D3F4038B0C9B}.Release|x64.ActiveCfg = Release|x64
		{DDCFC78D-0FD4-3B3D-9776-D3F4038B0C9B}.Release|x64.Build.0 = Release|x64
		{DDCFC78D-0FD4-3B3D-9776-D3F4038B0C9B}.MinSizeRel|x64.ActiveCfg = MinSizeRel|x64
		{DDCFC78D-0FD4-3B3D-9776-D3F4038B0C9B}.MinSizeRel|x64.Build.0 = MinSizeRel|x64
		{DDCFC78D-0FD4-3B3D-9776-D3F4038B0C9B}.RelWithDebInfo|x64.ActiveCfg = RelWithDebInfo|x64
		{DDCFC78D-0FD4-3B3D-9776-D3F4038B0C9B}.RelWithDebInfo|x64.Build.0 = RelWithDebInfo|x64
		{D7CF50A7-CF2E-3F8C-87E0-CCBC1546A6C4}.Debug|x64.ActiveCfg = Debug|x64
		{D7CF50A7-CF2E-3F8C-87E0-CCBC1546A6C4}.Debug|x64.Build.0 = Debug|x64
		{D7CF50A7-CF2E-3F8C-87E0-CCBC1546A6C4}.Release|x64.ActiveCfg = Release|x64
		{D7CF50A7-CF2E-3F8C-87E0-CCBC1546A6C4}.Release|x64.Build.0 = Release|x64
		{D7CF50A7-CF2E-3F8C-87E0-CCBC1546A6C4}.MinSizeRel|x64.ActiveCfg = MinSizeRel|x64
		{D7CF50A7-CF2E-3F8C-87E0-CCBC1546A6C4}.MinSizeRel|x64.Build.0 = MinSizeRel|x64
		{D7CF50A7-CF2E-3F8C-87E0-CCBC1546A6C4}.RelWithDebInfo|x64.ActiveCfg = RelWithDebInfo|x64
		{D7CF50A7-CF2E-3F8C-87E0-CCBC1546A6C4}.RelWithDebInfo|x64.Build.0 = RelWithDebInfo|x64
	EndGlobalSection
	GlobalSection(NestedProjects) = preSolution
		{FC722374-FB65-397F-A3BB-155F6E2AD83B} = {AA1BECC2-C0A3-3A54-84EC-B25405392099}
		{DDCFC78D-0FD4-3B3D-9776-D3F4038B0C9B} = {AA1BECC2-C0A3-3A54-84EC-B25405392099}
		{1D9468CD-8ED5-318A-88F1-0940291FE439} = {88D61977-15C1-3D70-89CA-3A11D59D18F0}
		{5313E184-7E52-3F8F-87C6-3061371C9B55} = {88D61977-15C1-3D70-89CA-3A11D59D18F0}
		{D5BE9B28-D200-346B-83B8-8A32D85BF382} = {88D61977-15C1-3D70-89CA-3A11D59D18F0}
		{976BF786-C881-3D7D-B0F7-11192138050D} = {88D61977-15C1-3D70-89CA-3A11D59D18F0}
		{D7CF50A7-CF2E-3F8C-87E0-CCBC1546A6C4} = {88D61977-15C1-3D70-89CA-3A11D59D18F0}
		{234FF690-7ABC-3CA2-8946-4A00305F4DF9} = {8E2410CD-327C-3D16-B85B-3210218F13AF}
		{65281CCC-FC78-33C9-8849-8AEC73F365EF} = {8E2410CD-327C-3D16-B85B-3210218F13AF}
		{E49B9889-4DD8-3037-9EC2-2EF1F437C817} = {8E2410CD-327C-3D16-B85B-3210218F13AF}
		{D364BF81-D8C0-3F52-946A-F363CB2C53E9} = {8E2410CD-327C-3D16-B85B-3210218F13AF}
		{2B08AE09-EB8E-3485-B291-F3FE7243FF03} = {8E2410CD-327C-3D16-B85B-3210218F13AF}
		{FF57FB1E-D335-32AF-B6A6-799E9143BFB8} = {8E2410CD-327C-3D16-B85B-3210218F13AF}
	EndGlobalSection
	GlobalSection(ExtensibilityGlobals) = postSolution
		SolutionGuid = {A3EAFDF8-D8A2-39B5-976A-0290AFE5925A}
	EndGlobalSection
	GlobalSection(ExtensibilityAddIns) = postSolution
	EndGlobalSection
EndGlobal
