<?xml version="1.0" encoding="utf-8"?>
<Project ToolsVersion="15.0" xmlns="http://schemas.microsoft.com/developer/msbuild/2003">
  <ItemGroup>
    <ClCompile Include="D:\Code\HM_64\HM\source\Lib\TLibEncoder\NALwrite.cpp">
      <Filter>Source Files</Filter>
    </ClCompile>
    <ClCompile Include="D:\Code\HM_64\HM\source\Lib\TLibEncoder\SEIEncoder.cpp">
      <Filter>Source Files</Filter>
    </ClCompile>
    <ClCompile Include="D:\Code\HM_64\HM\source\Lib\TLibEncoder\SEIwrite.cpp">
      <Filter>Source Files</Filter>
    </ClCompile>
    <ClCompile Include="D:\Code\HM_64\HM\source\Lib\TLibEncoder\SyntaxElementWriter.cpp">
      <Filter>Source Files</Filter>
    </ClCompile>
    <ClCompile Include="D:\Code\HM_64\HM\source\Lib\TLibEncoder\TEncBinCoderCABAC.cpp">
      <Filter>Source Files</Filter>
    </ClCompile>
    <ClCompile Include="D:\Code\HM_64\HM\source\Lib\TLibEncoder\TEncBinCoderCABACCounter.cpp">
      <Filter>Source Files</Filter>
    </ClCompile>
    <ClCompile Include="D:\Code\HM_64\HM\source\Lib\TLibEncoder\TEncCavlc.cpp">
      <Filter>Source Files</Filter>
    </ClCompile>
    <ClCompile Include="D:\Code\HM_64\HM\source\Lib\TLibEncoder\TEncCu.cpp">
      <Filter>Source Files</Filter>
    </ClCompile>
    <ClCompile Include="D:\Code\HM_64\HM\source\Lib\TLibEncoder\TEncEntropy.cpp">
      <Filter>Source Files</Filter>
    </ClCompile>
    <ClCompile Include="D:\Code\HM_64\HM\source\Lib\TLibEncoder\TEncGOP.cpp">
      <Filter>Source Files</Filter>
    </ClCompile>
    <ClCompile Include="D:\Code\HM_64\HM\source\Lib\TLibEncoder\TEncPic.cpp">
      <Filter>Source Files</Filter>
    </ClCompile>
    <ClCompile Include="D:\Code\HM_64\HM\source\Lib\TLibEncoder\TEncPreanalyzer.cpp">
      <Filter>Source Files</Filter>
    </ClCompile>
    <ClCompile Include="D:\Code\HM_64\HM\source\Lib\TLibEncoder\TEncRateCtrl.cpp">
      <Filter>Source Files</Filter>
    </ClCompile>
    <ClCompile Include="D:\Code\HM_64\HM\source\Lib\TLibEncoder\TEncSampleAdaptiveOffset.cpp">
      <Filter>Source Files</Filter>
    </ClCompile>
    <ClCompile Include="D:\Code\HM_64\HM\source\Lib\TLibEncoder\TEncSbac.cpp">
      <Filter>Source Files</Filter>
    </ClCompile>
    <ClCompile Include="D:\Code\HM_64\HM\source\Lib\TLibEncoder\TEncSearch.cpp">
      <Filter>Source Files</Filter>
    </ClCompile>
    <ClCompile Include="D:\Code\HM_64\HM\source\Lib\TLibEncoder\TEncSlice.cpp">
      <Filter>Source Files</Filter>
    </ClCompile>
    <ClCompile Include="D:\Code\HM_64\HM\source\Lib\TLibEncoder\TEncTemporalFilter.cpp">
      <Filter>Source Files</Filter>
    </ClCompile>
    <ClCompile Include="D:\Code\HM_64\HM\source\Lib\TLibEncoder\TEncTop.cpp">
      <Filter>Source Files</Filter>
    </ClCompile>
    <ClCompile Include="D:\Code\HM_64\HM\source\Lib\TLibEncoder\WeightPredAnalysis.cpp">
      <Filter>Source Files</Filter>
    </ClCompile>
  </ItemGroup>
  <ItemGroup>
    <ClInclude Include="D:\Code\HM_64\HM\source\Lib\TLibEncoder\AnnexBwrite.h">
      <Filter>Header Files</Filter>
    </ClInclude>
    <ClInclude Include="D:\Code\HM_64\HM\source\Lib\TLibEncoder\NALwrite.h">
      <Filter>Header Files</Filter>
    </ClInclude>
    <ClInclude Include="D:\Code\HM_64\HM\source\Lib\TLibEncoder\SEIEncoder.h">
      <Filter>Header Files</Filter>
    </ClInclude>
    <ClInclude Include="D:\Code\HM_64\HM\source\Lib\TLibEncoder\SEIwrite.h">
      <Filter>Header Files</Filter>
    </ClInclude>
    <ClInclude Include="D:\Code\HM_64\HM\source\Lib\TLibEncoder\SyntaxElementWriter.h">
      <Filter>Header Files</Filter>
    </ClInclude>
    <ClInclude Include="D:\Code\HM_64\HM\source\Lib\TLibEncoder\TEncAnalyze.h">
      <Filter>Header Files</Filter>
    </ClInclude>
    <ClInclude Include="D:\Code\HM_64\HM\source\Lib\TLibEncoder\TEncBinCoder.h">
      <Filter>Header Files</Filter>
    </ClInclude>
    <ClInclude Include="D:\Code\HM_64\HM\source\Lib\TLibEncoder\TEncBinCoderCABAC.h">
      <Filter>Header Files</Filter>
    </ClInclude>
    <ClInclude Include="D:\Code\HM_64\HM\source\Lib\TLibEncoder\TEncBinCoderCABACCounter.h">
      <Filter>Header Files</Filter>
    </ClInclude>
    <ClInclude Include="D:\Code\HM_64\HM\source\Lib\TLibEncoder\TEncCavlc.h">
      <Filter>Header Files</Filter>
    </ClInclude>
    <ClInclude Include="D:\Code\HM_64\HM\source\Lib\TLibEncoder\TEncCfg.h">
      <Filter>Header Files</Filter>
    </ClInclude>
    <ClInclude Include="D:\Code\HM_64\HM\source\Lib\TLibEncoder\TEncCu.h">
      <Filter>Header Files</Filter>
    </ClInclude>
    <ClInclude Include="D:\Code\HM_64\HM\source\Lib\TLibEncoder\TEncEntropy.h">
      <Filter>Header Files</Filter>
    </ClInclude>
    <ClInclude Include="D:\Code\HM_64\HM\source\Lib\TLibEncoder\TEncGOP.h">
      <Filter>Header Files</Filter>
    </ClInclude>
    <ClInclude Include="D:\Code\HM_64\HM\source\Lib\TLibEncoder\TEncPic.h">
      <Filter>Header Files</Filter>
    </ClInclude>
    <ClInclude Include="D:\Code\HM_64\HM\source\Lib\TLibEncoder\TEncPreanalyzer.h">
      <Filter>Header Files</Filter>
    </ClInclude>
    <ClInclude Include="D:\Code\HM_64\HM\source\Lib\TLibEncoder\TEncRateCtrl.h">
      <Filter>Header Files</Filter>
    </ClInclude>
    <ClInclude Include="D:\Code\HM_64\HM\source\Lib\TLibEncoder\TEncSampleAdaptiveOffset.h">
      <Filter>Header Files</Filter>
    </ClInclude>
    <ClInclude Include="D:\Code\HM_64\HM\source\Lib\TLibEncoder\TEncSbac.h">
      <Filter>Header Files</Filter>
    </ClInclude>
    <ClInclude Include="D:\Code\HM_64\HM\source\Lib\TLibEncoder\TEncSearch.h">
      <Filter>Header Files</Filter>
    </ClInclude>
    <ClInclude Include="D:\Code\HM_64\HM\source\Lib\TLibEncoder\TEncSlice.h">
      <Filter>Header Files</Filter>
    </ClInclude>
    <ClInclude Include="D:\Code\HM_64\HM\source\Lib\TLibEncoder\TEncTemporalFilter.h">
      <Filter>Header Files</Filter>
    </ClInclude>
    <ClInclude Include="D:\Code\HM_64\HM\source\Lib\TLibEncoder\TEncTop.h">
      <Filter>Header Files</Filter>
    </ClInclude>
    <ClInclude Include="D:\Code\HM_64\HM\source\Lib\TLibEncoder\WeightPredAnalysis.h">
      <Filter>Header Files</Filter>
    </ClInclude>
  </ItemGroup>
  <ItemGroup>
    <CustomBuild Include="D:\Code\HM_64\HM\source\Lib\TLibEncoder\CMakeLists.txt" />
  </ItemGroup>
  <ItemGroup>
    <Filter Include="Header Files">
      <UniqueIdentifier>{286FD993-75F6-33F1-ACF2-BBA001A18FA0}</UniqueIdentifier>
    </Filter>
    <Filter Include="Source Files">
      <UniqueIdentifier>{8EBEC67B-6860-3E8A-B117-658A67284F61}</UniqueIdentifier>
    </Filter>
  </ItemGroup>
</Project>
