<?xml version="1.0" encoding="utf-8"?>
<Project ToolsVersion="15.0" xmlns="http://schemas.microsoft.com/developer/msbuild/2003">
  <ItemGroup>
    <ClCompile Include="D:\Code\HM_64\HM\source\App\TAppDecoder\TAppDecCfg.cpp">
      <Filter>Source Files</Filter>
    </ClCompile>
    <ClCompile Include="D:\Code\HM_64\HM\source\App\TAppDecoder\TAppDecTop.cpp">
      <Filter>Source Files</Filter>
    </ClCompile>
    <ClCompile Include="D:\Code\HM_64\HM\source\App\TAppDecoder\decmain.cpp">
      <Filter>Source Files</Filter>
    </ClCompile>
  </ItemGroup>
  <ItemGroup>
    <ClInclude Include="D:\Code\HM_64\HM\source\App\TAppDecoder\TAppDecCfg.h">
      <Filter>Header Files</Filter>
    </ClInclude>
    <ClInclude Include="D:\Code\HM_64\HM\source\App\TAppDecoder\TAppDecTop.h">
      <Filter>Header Files</Filter>
    </ClInclude>
  </ItemGroup>
  <ItemGroup>
    <CustomBuild Include="D:\Code\HM_64\HM\source\App\TAppDecoderAnalyser\CMakeLists.txt" />
  </ItemGroup>
  <ItemGroup>
    <Filter Include="Header Files">
      <UniqueIdentifier>{286FD993-75F6-33F1-ACF2-BBA001A18FA0}</UniqueIdentifier>
    </Filter>
    <Filter Include="Source Files">
      <UniqueIdentifier>{8EBEC67B-6860-3E8A-B117-658A67284F61}</UniqueIdentifier>
    </Filter>
  </ItemGroup>
</Project>
